
Microsoft Visual Studio Solution File, Format Version 12.00
# Visual Studio Version 17
VisualStudioVersion = 17.9.34607.119
MinimumVisualStudioVersion = 10.0.40219.1
Project("{FAE04EC0-301F-11D3-BF4B-00C04F79EFBC}") = "GestaodeTarefaS4e", "TarefaS4e\GestaodeTarefaS4e.csproj", "{6AD5C9A5-0866-4D97-9CF2-80E76414DE9F}"
EndProject
Global
	GlobalSection(SolutionConfigurationPlatforms) = preSolution
		Debug|Any CPU = Debug|Any CPU
		Release|Any CPU = Release|Any CPU
	EndGlobalSection
	GlobalSection(ProjectConfigurationPlatforms) = postSolution
		{6AD5C9A5-0866-4D97-9CF2-80E76414DE9F}.Debug|Any CPU.ActiveCfg = Debug|Any CPU
		{6AD5C9A5-0866-4D97-9CF2-80E76414DE9F}.Debug|Any CPU.Build.0 = Debug|Any CPU
		{6AD5C9A5-0866-4D97-9CF2-80E76414DE9F}.Release|Any CPU.ActiveCfg = Release|Any CPU
		{6AD5C9A5-0866-4D97-9CF2-80E76414DE9F}.Release|Any CPU.Build.0 = Release|Any CPU
	EndGlobalSection
	GlobalSection(SolutionProperties) = preSolution
		HideSolutionNode = FALSE
	EndGlobalSection
	GlobalSection(ExtensibilityGlobals) = postSolution
		SolutionGuid = {86846357-5F17-4ABB-9615-AB67E098B2F2}
	EndGlobalSection
EndGlobal
